
Microsoft Visual Studio Solution File, Format Version 12.00
# Visual Studio Version 17
VisualStudioVersion = 17.3.32901.215
MinimumVisualStudioVersion = 10.0.40219.1
Project("{9A19103F-16F7-4668-BE54-9A1E7A4F7556}") = "Faker.Core", "Faker.Core\Faker.Core.csproj", "{5CA35BAF-2F57-46F6-829D-EAB0C3F5C76D}"
EndProject
Project("{9A19103F-16F7-4668-BE54-9A1E7A4F7556}") = "Faker.Example", "Faker.Example\Faker.Example.csproj", "{A6FAAC4F-3EB0-4112-937C-0DDFB68411E9}"
EndProject
Project("{FAE04EC0-301F-11D3-BF4B-00C04F79EFBC}") = "Faker.Core.Tests", "Faker.Core.Tests\Faker.Core.Tests.csproj", "{DBD5234C-32B2-418B-9D16-EB9A929D459B}"
EndProject
Global
	GlobalSection(SolutionConfigurationPlatforms) = preSolution
		Debug|Any CPU = Debug|Any CPU
		Release|Any CPU = Release|Any CPU
	EndGlobalSection
	GlobalSection(ProjectConfigurationPlatforms) = postSolution
		{5CA35BAF-2F57-46F6-829D-EAB0C3F5C76D}.Debug|Any CPU.ActiveCfg = Debug|Any CPU
		{5CA35BAF-2F57-46F6-829D-EAB0C3F5C76D}.Debug|Any CPU.Build.0 = Debug|Any CPU
		{5CA35BAF-2F57-46F6-829D-EAB0C3F5C76D}.Release|Any CPU.ActiveCfg = Release|Any CPU
		{5CA35BAF-2F57-46F6-829D-EAB0C3F5C76D}.Release|Any CPU.Build.0 = Release|Any CPU
		{A6FAAC4F-3EB0-4112-937C-0DDFB68411E9}.Debug|Any CPU.ActiveCfg = Debug|Any CPU
		{A6FAAC4F-3EB0-4112-937C-0DDFB68411E9}.Debug|Any CPU.Build.0 = Debug|Any CPU
		{A6FAAC4F-3EB0-4112-937C-0DDFB68411E9}.Release|Any CPU.ActiveCfg = Release|Any CPU
		{A6FAAC4F-3EB0-4112-937C-0DDFB68411E9}.Release|Any CPU.Build.0 = Release|Any CPU
		{DBD5234C-32B2-418B-9D16-EB9A929D459B}.Debug|Any CPU.ActiveCfg = Debug|Any CPU
		{DBD5234C-32B2-418B-9D16-EB9A929D459B}.Debug|Any CPU.Build.0 = Debug|Any CPU
		{DBD5234C-32B2-418B-9D16-EB9A929D459B}.Release|Any CPU.ActiveCfg = Release|Any CPU
		{DBD5234C-32B2-418B-9D16-EB9A929D459B}.Release|Any CPU.Build.0 = Release|Any CPU
	EndGlobalSection
	GlobalSection(SolutionProperties) = preSolution
		HideSolutionNode = FALSE
	EndGlobalSection
	GlobalSection(ExtensibilityGlobals) = postSolution
		SolutionGuid = {8A389F56-1549-4742-BFCE-01CD4349FA8F}
	EndGlobalSection
EndGlobal
